
Microsoft Visual Studio Solution File, Format Version 12.00
# Visual Studio 2013
VisualStudioVersion = 12.0.21005.1
MinimumVisualStudioVersion = 10.0.40219.1
Project("{FAE04EC0-301F-11D3-BF4B-00C04F79EFBC}") = "Chapter01-Tai_Khoan_LinQ", "Chapter01-Tai_Khoan_LinQ\Chapter01-Tai_Khoan_LinQ.csproj", "{B0F73FEC-6977-48C3-AFAB-A79B0F910542}"
EndProject
Project("{FAE04EC0-301F-11D3-BF4B-00C04F79EFBC}") = "Chapter02-MVC_LinQ", "Chapter02-MVC_LinQ\Chapter02-MVC_LinQ.csproj", "{F38EFEEC-0194-4EFE-B715-3698B298FE9D}"
EndProject
Project("{FAE04EC0-301F-11D3-BF4B-00C04F79EFBC}") = "Chapter03.1-Tai_Khoan_Enitity", "Chapter03.1-Tai_Khoan_Enitity\Chapter03.1-Tai_Khoan_Enitity.csproj", "{295A807B-A45D-4DCA-B91C-F000E4F8E2E7}"
EndProject
Project("{FAE04EC0-301F-11D3-BF4B-00C04F79EFBC}") = "Chapter03.2-MVC_Entity_TaiKhoan", "Chapter03.2-MVC_Entity_TaiKhoan\Chapter03.2-MVC_Entity_TaiKhoan.csproj", "{DD7CE40A-3F26-4D62-9FD6-1A7F1FE8888E}"
EndProject
Global
	GlobalSection(SolutionConfigurationPlatforms) = preSolution
		Debug|Any CPU = Debug|Any CPU
		Release|Any CPU = Release|Any CPU
	EndGlobalSection
	GlobalSection(ProjectConfigurationPlatforms) = postSolution
		{B0F73FEC-6977-48C3-AFAB-A79B0F910542}.Debug|Any CPU.ActiveCfg = Debug|Any CPU
		{B0F73FEC-6977-48C3-AFAB-A79B0F910542}.Debug|Any CPU.Build.0 = Debug|Any CPU
		{B0F73FEC-6977-48C3-AFAB-A79B0F910542}.Release|Any CPU.ActiveCfg = Release|Any CPU
		{B0F73FEC-6977-48C3-AFAB-A79B0F910542}.Release|Any CPU.Build.0 = Release|Any CPU
		{F38EFEEC-0194-4EFE-B715-3698B298FE9D}.Debug|Any CPU.ActiveCfg = Debug|Any CPU
		{F38EFEEC-0194-4EFE-B715-3698B298FE9D}.Debug|Any CPU.Build.0 = Debug|Any CPU
		{F38EFEEC-0194-4EFE-B715-3698B298FE9D}.Release|Any CPU.ActiveCfg = Release|Any CPU
		{F38EFEEC-0194-4EFE-B715-3698B298FE9D}.Release|Any CPU.Build.0 = Release|Any CPU
		{295A807B-A45D-4DCA-B91C-F000E4F8E2E7}.Debug|Any CPU.ActiveCfg = Debug|Any CPU
		{295A807B-A45D-4DCA-B91C-F000E4F8E2E7}.Debug|Any CPU.Build.0 = Debug|Any CPU
		{295A807B-A45D-4DCA-B91C-F000E4F8E2E7}.Release|Any CPU.ActiveCfg = Release|Any CPU
		{295A807B-A45D-4DCA-B91C-F000E4F8E2E7}.Release|Any CPU.Build.0 = Release|Any CPU
		{DD7CE40A-3F26-4D62-9FD6-1A7F1FE8888E}.Debug|Any CPU.ActiveCfg = Debug|Any CPU
		{DD7CE40A-3F26-4D62-9FD6-1A7F1FE8888E}.Debug|Any CPU.Build.0 = Debug|Any CPU
		{DD7CE40A-3F26-4D62-9FD6-1A7F1FE8888E}.Release|Any CPU.ActiveCfg = Release|Any CPU
		{DD7CE40A-3F26-4D62-9FD6-1A7F1FE8888E}.Release|Any CPU.Build.0 = Release|Any CPU
	EndGlobalSection
	GlobalSection(SolutionProperties) = preSolution
		HideSolutionNode = FALSE
	EndGlobalSection
EndGlobal
